
Microsoft Visual Studio Solution File, Format Version 12.00
# Visual Studio Version 17
VisualStudioVersion = 17.4.33205.214
MinimumVisualStudioVersion = 10.0.40219.1
Project("{9A19103F-16F7-4668-BE54-9A1E7A4F7556}") = "Format_DB_Objects", "Format_DB_Objects.csproj", "{985E1F70-7BD4-4F86-B305-A150925D4109}"
EndProject
Global
	GlobalSection(SolutionConfigurationPlatforms) = preSolution
		Debug|Any CPU = Debug|Any CPU
		Release|Any CPU = Release|Any CPU
	EndGlobalSection
	GlobalSection(ProjectConfigurationPlatforms) = postSolution
		{985E1F70-7BD4-4F86-B305-A150925D4109}.Debug|Any CPU.ActiveCfg = Debug|Any CPU
		{985E1F70-7BD4-4F86-B305-A150925D4109}.Debug|Any CPU.Build.0 = Debug|Any CPU
		{985E1F70-7BD4-4F86-B305-A150925D4109}.Release|Any CPU.ActiveCfg = Release|Any CPU
		{985E1F70-7BD4-4F86-B305-A150925D4109}.Release|Any CPU.Build.0 = Release|Any CPU
	EndGlobalSection
	GlobalSection(SolutionProperties) = preSolution
		HideSolutionNode = FALSE
	EndGlobalSection
	GlobalSection(ExtensibilityGlobals) = postSolution
		SolutionGuid = {C9C8E9B7-3310-45A1-81E6-72E45DA4086B}
	EndGlobalSection
EndGlobal
