
Microsoft Visual Studio SolutiON File, Format VersiON 12.00
# Visual Studio VersiON 17
VisualStudioVersiON = 17.4.33205.214
MinimumVisualStudioVersiON = 10.0.40219.1
Project("{FAE04EC0-301F-11D3-BF4B-00C04F79EFBC}") = "Format_DB_Objects", "Format_DB_Objects\Format_DB_Objects.csproj", "{8874BF8E-1B03-43B6-A13D-CD040EC577AB}"
EndProject
Global
	GlobalSection(SolutionConfigurationPlatforms) = preSolution
		Debug|Any CPU = Debug|Any CPU
		Release|Any CPU = Release|Any CPU
	EndGlobalSection
	GlobalSection(ProjectConfigurationPlatforms) = postSolution
		{8874BF8E-1B03-43B6-A13D-CD040EC577AB}.Debug|Any CPU.ActiveCfg = Debug|Any CPU
		{8874BF8E-1B03-43B6-A13D-CD040EC577AB}.Debug|Any CPU.Build.0 = Debug|Any CPU
		{8874BF8E-1B03-43B6-A13D-CD040EC577AB}.Release|Any CPU.ActiveCfg = Release|Any CPU
		{8874BF8E-1B03-43B6-A13D-CD040EC577AB}.Release|Any CPU.Build.0 = Release|Any CPU
	EndGlobalSection
	GlobalSection(SolutionProperties) = preSolution
		HideSolutionNode = FALSE
	EndGlobalSection
	GlobalSection(ExtensibilityGlobals) = postSolution
		SolutionGuid = {90BC195B-85ED-4C95-B977-C136CEED90A0}
	EndGlobalSection
EndGlobal
